
Microsoft Visual Studio Solution File, Format Version 12.00
# Visual Studio Version 17
VisualStudioVersion = 17.5.33516.290
MinimumVisualStudioVersion = 10.0.40219.1
Project("{FAE04EC0-301F-11D3-BF4B-00C04F79EFBC}") = "TestAzure", "TestAzure.csproj", "{7F98B217-9D01-4187-BBCB-B4EC4B1FBA16}"
EndProject
Global
	GlobalSection(SolutionConfigurationPlatforms) = preSolution
		Debug|Any CPU = Debug|Any CPU
		Release|Any CPU = Release|Any CPU
	EndGlobalSection
	GlobalSection(ProjectConfigurationPlatforms) = postSolution
		{7F98B217-9D01-4187-BBCB-B4EC4B1FBA16}.Debug|Any CPU.ActiveCfg = Debug|Any CPU
		{7F98B217-9D01-4187-BBCB-B4EC4B1FBA16}.Debug|Any CPU.Build.0 = Debug|Any CPU
		{7F98B217-9D01-4187-BBCB-B4EC4B1FBA16}.Release|Any CPU.ActiveCfg = Release|Any CPU
		{7F98B217-9D01-4187-BBCB-B4EC4B1FBA16}.Release|Any CPU.Build.0 = Release|Any CPU
	EndGlobalSection
	GlobalSection(SolutionProperties) = preSolution
		HideSolutionNode = FALSE
	EndGlobalSection
	GlobalSection(ExtensibilityGlobals) = postSolution
		SolutionGuid = {B5551846-F26C-496F-A9B1-6D0A418074BA}
	EndGlobalSection
EndGlobal
